
Microsoft Visual Studio Solution File, Format Version 12.00
# Visual Studio Version 16
VisualStudioVersion = 16.0.30804.86
MinimumVisualStudioVersion = 10.0.40219.1
Project("{FAE04EC0-301F-11D3-BF4B-00C04F79EFBC}") = "ProvoRestaurants", "ProvoRestaurants\ProvoRestaurants.csproj", "{9737CE56-08C3-499C-9408-FDA084F89CBA}"
EndProject
Global
	GlobalSection(SolutionConfigurationPlatforms) = preSolution
		Debug|Any CPU = Debug|Any CPU
		Release|Any CPU = Release|Any CPU
	EndGlobalSection
	GlobalSection(ProjectConfigurationPlatforms) = postSolution
		{9737CE56-08C3-499C-9408-FDA084F89CBA}.Debug|Any CPU.ActiveCfg = Debug|Any CPU
		{9737CE56-08C3-499C-9408-FDA084F89CBA}.Debug|Any CPU.Build.0 = Debug|Any CPU
		{9737CE56-08C3-499C-9408-FDA084F89CBA}.Release|Any CPU.ActiveCfg = Release|Any CPU
		{9737CE56-08C3-499C-9408-FDA084F89CBA}.Release|Any CPU.Build.0 = Release|Any CPU
	EndGlobalSection
	GlobalSection(SolutionProperties) = preSolution
		HideSolutionNode = FALSE
	EndGlobalSection
	GlobalSection(ExtensibilityGlobals) = postSolution
		SolutionGuid = {4C1492BE-9CCB-41AD-9DF2-ABC1A62CD45A}
	EndGlobalSection
EndGlobal
